// !$*UTF8*$!
{
	archiveVersion = 1;
	classes = {
	};
	objectVersion = 50;
	objects = {

/* Begin PBXBuildFile section */
		755789652657B20D00A99F0B /* SwiftUIAlternateAppIconApp.swift in Sources */ = {isa = PBXBuildFile; fileRef = 755789522657B20A00A99F0B /* SwiftUIAlternateAppIconApp.swift */; };
		755789662657B20D00A99F0B /* SwiftUIAlternateAppIconApp.swift in Sources */ = {isa = PBXBuildFile; fileRef = 755789522657B20A00A99F0B /* SwiftUIAlternateAppIconApp.swift */; };
		755789672657B20D00A99F0B /* ContentView.swift in Sources */ = {isa = PBXBuildFile; fileRef = 755789532657B20A00A99F0B /* ContentView.swift */; };
		755789682657B20D00A99F0B /* ContentView.swift in Sources */ = {isa = PBXBuildFile; fileRef = 755789532657B20A00A99F0B /* ContentView.swift */; };
		755789692657B20D00A99F0B /* Assets.xcassets in Resources */ = {isa = PBXBuildFile; fileRef = 755789542657B20D00A99F0B /* Assets.xcassets */; };
		7557896A2657B20D00A99F0B /* Assets.xcassets in Resources */ = {isa = PBXBuildFile; fileRef = 755789542657B20D00A99F0B /* Assets.xcassets */; };
		755789762657B23C00A99F0B /* ExternalLinkView.swift in Sources */ = {isa = PBXBuildFile; fileRef = 755789752657B23C00A99F0B /* ExternalLinkView.swift */; };
		755789772657B23C00A99F0B /* ExternalLinkView.swift in Sources */ = {isa = PBXBuildFile; fileRef = 755789752657B23C00A99F0B /* ExternalLinkView.swift */; };
		7557897B2657B24600A99F0B /* AppIconPickerView.swift in Sources */ = {isa = PBXBuildFile; fileRef = 7557897A2657B24600A99F0B /* AppIconPickerView.swift */; };
		7557897C2657B24600A99F0B /* AppIconPickerView.swift in Sources */ = {isa = PBXBuildFile; fileRef = 7557897A2657B24600A99F0B /* AppIconPickerView.swift */; };
		755789802657B25600A99F0B /* AppIconView.swift in Sources */ = {isa = PBXBuildFile; fileRef = 7557897F2657B25600A99F0B /* AppIconView.swift */; };
		755789812657B25600A99F0B /* AppIconView.swift in Sources */ = {isa = PBXBuildFile; fileRef = 7557897F2657B25600A99F0B /* AppIconView.swift */; };
		7557898D2657B2BF00A99F0B /* AppIcon@3x.png in Resources */ = {isa = PBXBuildFile; fileRef = 755789852657B2BE00A99F0B /* AppIcon@3x.png */; };
		7557898E2657B2BF00A99F0B /* MNM_02@3x.png in Resources */ = {isa = PBXBuildFile; fileRef = 755789862657B2BF00A99F0B /* MNM_02@3x.png */; };
		7557898F2657B2BF00A99F0B /* MNM_01@2x.png in Resources */ = {isa = PBXBuildFile; fileRef = 755789872657B2BF00A99F0B /* MNM_01@2x.png */; };
		755789902657B2BF00A99F0B /* MNM_01@3x.png in Resources */ = {isa = PBXBuildFile; fileRef = 755789882657B2BF00A99F0B /* MNM_01@3x.png */; };
		755789932657B2BF00A99F0B /* AppIcon@2x.png in Resources */ = {isa = PBXBuildFile; fileRef = 7557898B2657B2BF00A99F0B /* AppIcon@2x.png */; };
		755789942657B2BF00A99F0B /* MNM_02@2x.png in Resources */ = {isa = PBXBuildFile; fileRef = 7557898C2657B2BF00A99F0B /* MNM_02@2x.png */; };
		755789982657B41900A99F0B /* AppIconStateView.swift in Sources */ = {isa = PBXBuildFile; fileRef = 755789972657B41900A99F0B /* AppIconStateView.swift */; };
/* End PBXBuildFile section */

/* Begin PBXFileReference section */
		755789522657B20A00A99F0B /* SwiftUIAlternateAppIconApp.swift */ = {isa = PBXFileReference; lastKnownFileType = sourcecode.swift; path = SwiftUIAlternateAppIconApp.swift; sourceTree = "<group>"; };
		755789532657B20A00A99F0B /* ContentView.swift */ = {isa = PBXFileReference; lastKnownFileType = sourcecode.swift; path = ContentView.swift; sourceTree = "<group>"; };
		755789542657B20D00A99F0B /* Assets.xcassets */ = {isa = PBXFileReference; lastKnownFileType = folder.assetcatalog; path = Assets.xcassets; sourceTree = "<group>"; };
		755789592657B20D00A99F0B /* SwiftUIAlternateAppIcon.app */ = {isa = PBXFileReference; explicitFileType = wrapper.application; includeInIndex = 0; path = SwiftUIAlternateAppIcon.app; sourceTree = BUILT_PRODUCTS_DIR; };
		7557895C2657B20D00A99F0B /* Info.plist */ = {isa = PBXFileReference; lastKnownFileType = text.plist.xml; path = Info.plist; sourceTree = "<group>"; };
		755789612657B20D00A99F0B /* SwiftUIAlternateAppIcon.app */ = {isa = PBXFileReference; explicitFileType = wrapper.application; includeInIndex = 0; path = SwiftUIAlternateAppIcon.app; sourceTree = BUILT_PRODUCTS_DIR; };
		755789632657B20D00A99F0B /* Info.plist */ = {isa = PBXFileReference; lastKnownFileType = text.plist.xml; path = Info.plist; sourceTree = "<group>"; };
		755789642657B20D00A99F0B /* macOS.entitlements */ = {isa = PBXFileReference; lastKnownFileType = text.plist.entitlements; path = macOS.entitlements; sourceTree = "<group>"; };
		755789752657B23C00A99F0B /* ExternalLinkView.swift */ = {isa = PBXFileReference; lastKnownFileType = sourcecode.swift; path = ExternalLinkView.swift; sourceTree = "<group>"; };
		7557897A2657B24600A99F0B /* AppIconPickerView.swift */ = {isa = PBXFileReference; lastKnownFileType = sourcecode.swift; path = AppIconPickerView.swift; sourceTree = "<group>"; };
		7557897F2657B25600A99F0B /* AppIconView.swift */ = {isa = PBXFileReference; lastKnownFileType = sourcecode.swift; path = AppIconView.swift; sourceTree = "<group>"; };
		755789852657B2BE00A99F0B /* AppIcon@3x.png */ = {isa = PBXFileReference; lastKnownFileType = image.png; path = "AppIcon@3x.png"; sourceTree = "<group>"; };
		755789862657B2BF00A99F0B /* MNM_02@3x.png */ = {isa = PBXFileReference; lastKnownFileType = image.png; path = "MNM_02@3x.png"; sourceTree = "<group>"; };
		755789872657B2BF00A99F0B /* MNM_01@2x.png */ = {isa = PBXFileReference; lastKnownFileType = image.png; path = "MNM_01@2x.png"; sourceTree = "<group>"; };
		755789882657B2BF00A99F0B /* MNM_01@3x.png */ = {isa = PBXFileReference; lastKnownFileType = image.png; path = "MNM_01@3x.png"; sourceTree = "<group>"; };
		7557898B2657B2BF00A99F0B /* AppIcon@2x.png */ = {isa = PBXFileReference; lastKnownFileType = image.png; path = "AppIcon@2x.png"; sourceTree = "<group>"; };
		7557898C2657B2BF00A99F0B /* MNM_02@2x.png */ = {isa = PBXFileReference; lastKnownFileType = image.png; path = "MNM_02@2x.png"; sourceTree = "<group>"; };
		755789972657B41900A99F0B /* AppIconStateView.swift */ = {isa = PBXFileReference; lastKnownFileType = sourcecode.swift; path = AppIconStateView.swift; sourceTree = "<group>"; };
/* End PBXFileReference section */

/* Begin PBXFrameworksBuildPhase section */
		755789562657B20D00A99F0B /* Frameworks */ = {
			isa = PBXFrameworksBuildPhase;
			buildActionMask = 2147483647;
			files = (
			);
			runOnlyForDeploymentPostprocessing = 0;
		};
		7557895E2657B20D00A99F0B /* Frameworks */ = {
			isa = PBXFrameworksBuildPhase;
			buildActionMask = 2147483647;
			files = (
			);
			runOnlyForDeploymentPostprocessing = 0;
		};
/* End PBXFrameworksBuildPhase section */

/* Begin PBXGroup section */
		7557894C2657B20A00A99F0B = {
			isa = PBXGroup;
			children = (
				755789512657B20A00A99F0B /* Shared */,
				7557895B2657B20D00A99F0B /* iOS */,
				755789622657B20D00A99F0B /* macOS */,
				7557895A2657B20D00A99F0B /* Products */,
			);
			sourceTree = "<group>";
		};
		755789512657B20A00A99F0B /* Shared */ = {
			isa = PBXGroup;
			children = (
				755789522657B20A00A99F0B /* SwiftUIAlternateAppIconApp.swift */,
				755789532657B20A00A99F0B /* ContentView.swift */,
				755789542657B20D00A99F0B /* Assets.xcassets */,
				755789752657B23C00A99F0B /* ExternalLinkView.swift */,
				7557897A2657B24600A99F0B /* AppIconPickerView.swift */,
				7557897F2657B25600A99F0B /* AppIconView.swift */,
				755789972657B41900A99F0B /* AppIconStateView.swift */,
			);
			path = Shared;
			sourceTree = "<group>";
		};
		7557895A2657B20D00A99F0B /* Products */ = {
			isa = PBXGroup;
			children = (
				755789592657B20D00A99F0B /* SwiftUIAlternateAppIcon.app */,
				755789612657B20D00A99F0B /* SwiftUIAlternateAppIcon.app */,
			);
			name = Products;
			sourceTree = "<group>";
		};
		7557895B2657B20D00A99F0B /* iOS */ = {
			isa = PBXGroup;
			children = (
				755789842657B29B00A99F0B /* Icon */,
				7557895C2657B20D00A99F0B /* Info.plist */,
			);
			path = iOS;
			sourceTree = "<group>";
		};
		755789622657B20D00A99F0B /* macOS */ = {
			isa = PBXGroup;
			children = (
				755789632657B20D00A99F0B /* Info.plist */,
				755789642657B20D00A99F0B /* macOS.entitlements */,
			);
			path = macOS;
			sourceTree = "<group>";
		};
		755789842657B29B00A99F0B /* Icon */ = {
			isa = PBXGroup;
			children = (
				7557898B2657B2BF00A99F0B /* AppIcon@2x.png */,
				755789852657B2BE00A99F0B /* AppIcon@3x.png */,
				755789872657B2BF00A99F0B /* MNM_01@2x.png */,
				755789882657B2BF00A99F0B /* MNM_01@3x.png */,
				7557898C2657B2BF00A99F0B /* MNM_02@2x.png */,
				755789862657B2BF00A99F0B /* MNM_02@3x.png */,
			);
			path = Icon;
			sourceTree = "<group>";
		};
/* End PBXGroup section */

/* Begin PBXNativeTarget section */
		755789582657B20D00A99F0B /* SwiftUIAlternateAppIcon (iOS) */ = {
			isa = PBXNativeTarget;
			buildConfigurationList = 7557896D2657B20D00A99F0B /* Build configuration list for PBXNativeTarget "SwiftUIAlternateAppIcon (iOS)" */;
			buildPhases = (
				755789552657B20D00A99F0B /* Sources */,
				755789562657B20D00A99F0B /* Frameworks */,
				755789572657B20D00A99F0B /* Resources */,
			);
			buildRules = (
			);
			dependencies = (
			);
			name = "SwiftUIAlternateAppIcon (iOS)";
			productName = "SwiftUIAlternateAppIcon (iOS)";
			productReference = 755789592657B20D00A99F0B /* SwiftUIAlternateAppIcon.app */;
			productType = "com.apple.product-type.application";
		};
		755789602657B20D00A99F0B /* SwiftUIAlternateAppIcon (macOS) */ = {
			isa = PBXNativeTarget;
			buildConfigurationList = 755789702657B20D00A99F0B /* Build configuration list for PBXNativeTarget "SwiftUIAlternateAppIcon (macOS)" */;
			buildPhases = (
				7557895D2657B20D00A99F0B /* Sources */,
				7557895E2657B20D00A99F0B /* Frameworks */,
				7557895F2657B20D00A99F0B /* Resources */,
			);
			buildRules = (
			);
			dependencies = (
			);
			name = "SwiftUIAlternateAppIcon (macOS)";
			productName = "SwiftUIAlternateAppIcon (macOS)";
			productReference = 755789612657B20D00A99F0B /* SwiftUIAlternateAppIcon.app */;
			productType = "com.apple.product-type.application";
		};
/* End PBXNativeTarget section */

/* Begin PBXProject section */
		7557894D2657B20A00A99F0B /* Project object */ = {
			isa = PBXProject;
			attributes = {
				LastSwiftUpdateCheck = 1240;
				LastUpgradeCheck = 1240;
				TargetAttributes = {
					755789582657B20D00A99F0B = {
						CreatedOnToolsVersion = 12.4;
					};
					755789602657B20D00A99F0B = {
						CreatedOnToolsVersion = 12.4;
					};
				};
			};
			buildConfigurationList = 755789502657B20A00A99F0B /* Build configuration list for PBXProject "SwiftUIAlternateAppIcon" */;
			compatibilityVersion = "Xcode 9.3";
			developmentRegion = en;
			hasScannedForEncodings = 0;
			knownRegions = (
				en,
				Base,
			);
			mainGroup = 7557894C2657B20A00A99F0B;
			productRefGroup = 7557895A2657B20D00A99F0B /* Products */;
			projectDirPath = "";
			projectRoot = "";
			targets = (
				755789582657B20D00A99F0B /* SwiftUIAlternateAppIcon (iOS) */,
				755789602657B20D00A99F0B /* SwiftUIAlternateAppIcon (macOS) */,
			);
		};
/* End PBXProject section */

/* Begin PBXResourcesBuildPhase section */
		755789572657B20D00A99F0B /* Resources */ = {
			isa = PBXResourcesBuildPhase;
			buildActionMask = 2147483647;
			files = (
				7557898D2657B2BF00A99F0B /* AppIcon@3x.png in Resources */,
				755789902657B2BF00A99F0B /* MNM_01@3x.png in Resources */,
				755789692657B20D00A99F0B /* Assets.xcassets in Resources */,
				7557898F2657B2BF00A99F0B /* MNM_01@2x.png in Resources */,
				755789942657B2BF00A99F0B /* MNM_02@2x.png in Resources */,
				755789932657B2BF00A99F0B /* AppIcon@2x.png in Resources */,
				7557898E2657B2BF00A99F0B /* MNM_02@3x.png in Resources */,
			);
			runOnlyForDeploymentPostprocessing = 0;
		};
		7557895F2657B20D00A99F0B /* Resources */ = {
			isa = PBXResourcesBuildPhase;
			buildActionMask = 2147483647;
			files = (
				7557896A2657B20D00A99F0B /* Assets.xcassets in Resources */,
			);
			runOnlyForDeploymentPostprocessing = 0;
		};
/* End PBXResourcesBuildPhase section */

/* Begin PBXSourcesBuildPhase section */
		755789552657B20D00A99F0B /* Sources */ = {
			isa = PBXSourcesBuildPhase;
			buildActionMask = 2147483647;
			files = (
				755789762657B23C00A99F0B /* ExternalLinkView.swift in Sources */,
				7557897B2657B24600A99F0B /* AppIconPickerView.swift in Sources */,
				755789672657B20D00A99F0B /* ContentView.swift in Sources */,
				755789982657B41900A99F0B /* AppIconStateView.swift in Sources */,
				755789652657B20D00A99F0B /* SwiftUIAlternateAppIconApp.swift in Sources */,
				755789802657B25600A99F0B /* AppIconView.swift in Sources */,
			);
			runOnlyForDeploymentPostprocessing = 0;
		};
		7557895D2657B20D00A99F0B /* Sources */ = {
			isa = PBXSourcesBuildPhase;
			buildActionMask = 2147483647;
			files = (
				755789772657B23C00A99F0B /* ExternalLinkView.swift in Sources */,
				7557897C2657B24600A99F0B /* AppIconPickerView.swift in Sources */,
				755789682657B20D00A99F0B /* ContentView.swift in Sources */,
				755789662657B20D00A99F0B /* SwiftUIAlternateAppIconApp.swift in Sources */,
				755789812657B25600A99F0B /* AppIconView.swift in Sources */,
			);
			runOnlyForDeploymentPostprocessing = 0;
		};
/* End PBXSourcesBuildPhase section */

/* Begin XCBuildConfiguration section */
		7557896B2657B20D00A99F0B /* Debug */ = {
			isa = XCBuildConfiguration;
			buildSettings = {
				ALWAYS_SEARCH_USER_PATHS = NO;
				CLANG_ANALYZER_NONNULL = YES;
				CLANG_ANALYZER_NUMBER_OBJECT_CONVERSION = YES_AGGRESSIVE;
				CLANG_CXX_LANGUAGE_STANDARD = "gnu++14";
				CLANG_CXX_LIBRARY = "libc++";
				CLANG_ENABLE_MODULES = YES;
				CLANG_ENABLE_OBJC_ARC = YES;
				CLANG_ENABLE_OBJC_WEAK = YES;
				CLANG_WARN_BLOCK_CAPTURE_AUTORELEASING = YES;
				CLANG_WARN_BOOL_CONVERSION = YES;
				CLANG_WARN_COMMA = YES;
				CLANG_WARN_CONSTANT_CONVERSION = YES;
				CLANG_WARN_DEPRECATED_OBJC_IMPLEMENTATIONS = YES;
				CLANG_WARN_DIRECT_OBJC_ISA_USAGE = YES_ERROR;
				CLANG_WARN_DOCUMENTATION_COMMENTS = YES;
				CLANG_WARN_EMPTY_BODY = YES;
				CLANG_WARN_ENUM_CONVERSION = YES;
				CLANG_WARN_INFINITE_RECURSION = YES;
				CLANG_WARN_INT_CONVERSION = YES;
				CLANG_WARN_NON_LITERAL_NULL_CONVERSION = YES;
				CLANG_WARN_OBJC_IMPLICIT_RETAIN_SELF = YES;
				CLANG_WARN_OBJC_LITERAL_CONVERSION = YES;
				CLANG_WARN_OBJC_ROOT_CLASS = YES_ERROR;
				CLANG_WARN_QUOTED_INCLUDE_IN_FRAMEWORK_HEADER = YES;
				CLANG_WARN_RANGE_LOOP_ANALYSIS = YES;
				CLANG_WARN_STRICT_PROTOTYPES = YES;
				CLANG_WARN_SUSPICIOUS_MOVE = YES;
				CLANG_WARN_UNGUARDED_AVAILABILITY = YES_AGGRESSIVE;
				CLANG_WARN_UNREACHABLE_CODE = YES;
				CLANG_WARN__DUPLICATE_METHOD_MATCH = YES;
				COPY_PHASE_STRIP = NO;
				DEBUG_INFORMATION_FORMAT = dwarf;
				ENABLE_STRICT_OBJC_MSGSEND = YES;
				ENABLE_TESTABILITY = YES;
				GCC_C_LANGUAGE_STANDARD = gnu11;
				GCC_DYNAMIC_NO_PIC = NO;
				GCC_NO_COMMON_BLOCKS = YES;
				GCC_OPTIMIZATION_LEVEL = 0;
				GCC_PREPROCESSOR_DEFINITIONS = (
					"DEBUG=1",
					"$(inherited)",
				);
				GCC_WARN_64_TO_32_BIT_CONVERSION = YES;
				GCC_WARN_ABOUT_RETURN_TYPE = YES_ERROR;
				GCC_WARN_UNDECLARED_SELECTOR = YES;
				GCC_WARN_UNINITIALIZED_AUTOS = YES_AGGRESSIVE;
				GCC_WARN_UNUSED_FUNCTION = YES;
				GCC_WARN_UNUSED_VARIABLE = YES;
				MTL_ENABLE_DEBUG_INFO = INCLUDE_SOURCE;
				MTL_FAST_MATH = YES;
				ONLY_ACTIVE_ARCH = YES;
				SWIFT_ACTIVE_COMPILATION_CONDITIONS = DEBUG;
				SWIFT_OPTIMIZATION_LEVEL = "-Onone";
			};
			name = Debug;
		};
		7557896C2657B20D00A99F0B /* Release */ = {
			isa = XCBuildConfiguration;
			buildSettings = {
				ALWAYS_SEARCH_USER_PATHS = NO;
				CLANG_ANALYZER_NONNULL = YES;
				CLANG_ANALYZER_NUMBER_OBJECT_CONVERSION = YES_AGGRESSIVE;
				CLANG_CXX_LANGUAGE_STANDARD = "gnu++14";
				CLANG_CXX_LIBRARY = "libc++";
				CLANG_ENABLE_MODULES = YES;
				CLANG_ENABLE_OBJC_ARC = YES;
				CLANG_ENABLE_OBJC_WEAK = YES;
				CLANG_WARN_BLOCK_CAPTURE_AUTORELEASING = YES;
				CLANG_WARN_BOOL_CONVERSION = YES;
				CLANG_WARN_COMMA = YES;
				CLANG_WARN_CONSTANT_CONVERSION = YES;
				CLANG_WARN_DEPRECATED_OBJC_IMPLEMENTATIONS = YES;
				CLANG_WARN_DIRECT_OBJC_ISA_USAGE = YES_ERROR;
				CLANG_WARN_DOCUMENTATION_COMMENTS = YES;
				CLANG_WARN_EMPTY_BODY = YES;
				CLANG_WARN_ENUM_CONVERSION = YES;
				CLANG_WARN_INFINITE_RECURSION = YES;
				CLANG_WARN_INT_CONVERSION = YES;
				CLANG_WARN_NON_LITERAL_NULL_CONVERSION = YES;
				CLANG_WARN_OBJC_IMPLICIT_RETAIN_SELF = YES;
				CLANG_WARN_OBJC_LITERAL_CONVERSION = YES;
				CLANG_WARN_OBJC_ROOT_CLASS = YES_ERROR;
				CLANG_WARN_QUOTED_INCLUDE_IN_FRAMEWORK_HEADER = YES;
				CLANG_WARN_RANGE_LOOP_ANALYSIS = YES;
				CLANG_WARN_STRICT_PROTOTYPES = YES;
				CLANG_WARN_SUSPICIOUS_MOVE = YES;
				CLANG_WARN_UNGUARDED_AVAILABILITY = YES_AGGRESSIVE;
				CLANG_WARN_UNREACHABLE_CODE = YES;
				CLANG_WARN__DUPLICATE_METHOD_MATCH = YES;
				COPY_PHASE_STRIP = NO;
				DEBUG_INFORMATION_FORMAT = "dwarf-with-dsym";
				ENABLE_NS_ASSERTIONS = NO;
				ENABLE_STRICT_OBJC_MSGSEND = YES;
				GCC_C_LANGUAGE_STANDARD = gnu11;
				GCC_NO_COMMON_BLOCKS = YES;
				GCC_WARN_64_TO_32_BIT_CONVERSION = YES;
				GCC_WARN_ABOUT_RETURN_TYPE = YES_ERROR;
				GCC_WARN_UNDECLARED_SELECTOR = YES;
				GCC_WARN_UNINITIALIZED_AUTOS = YES_AGGRESSIVE;
				GCC_WARN_UNUSED_FUNCTION = YES;
				GCC_WARN_UNUSED_VARIABLE = YES;
				MTL_ENABLE_DEBUG_INFO = NO;
				MTL_FAST_MATH = YES;
				SWIFT_COMPILATION_MODE = wholemodule;
				SWIFT_OPTIMIZATION_LEVEL = "-O";
			};
			name = Release;
		};
		7557896E2657B20D00A99F0B /* Debug */ = {
			isa = XCBuildConfiguration;
			buildSettings = {
				ASSETCATALOG_COMPILER_APPICON_NAME = AppIcon;
				ASSETCATALOG_COMPILER_GLOBAL_ACCENT_COLOR_NAME = AccentColor;
				CODE_SIGN_STYLE = Automatic;
				DEVELOPMENT_TEAM = 28S944C5QK;
				ENABLE_PREVIEWS = YES;
				INFOPLIST_FILE = iOS/Info.plist;
				IPHONEOS_DEPLOYMENT_TARGET = 14.0;
				LD_RUNPATH_SEARCH_PATHS = (
					"$(inherited)",
					"@executable_path/Frameworks",
				);
				PRODUCT_BUNDLE_IDENTIFIER = com.soka.swiftUIalternateappicon.SwiftUIAlternateAppIcon;
				PRODUCT_NAME = SwiftUIAlternateAppIcon;
				SDKROOT = iphoneos;
				SWIFT_VERSION = 5.0;
				TARGETED_DEVICE_FAMILY = "1,2";
			};
			name = Debug;
		};
		7557896F2657B20D00A99F0B /* Release */ = {
			isa = XCBuildConfiguration;
			buildSettings = {
				ASSETCATALOG_COMPILER_APPICON_NAME = AppIcon;
				ASSETCATALOG_COMPILER_GLOBAL_ACCENT_COLOR_NAME = AccentColor;
				CODE_SIGN_STYLE = Automatic;
				DEVELOPMENT_TEAM = 28S944C5QK;
				ENABLE_PREVIEWS = YES;
				INFOPLIST_FILE = iOS/Info.plist;
				IPHONEOS_DEPLOYMENT_TARGET = 14.0;
				LD_RUNPATH_SEARCH_PATHS = (
					"$(inherited)",
					"@executable_path/Frameworks",
				);
				PRODUCT_BUNDLE_IDENTIFIER = com.soka.swiftUIalternateappicon.SwiftUIAlternateAppIcon;
				PRODUCT_NAME = SwiftUIAlternateAppIcon;
				SDKROOT = iphoneos;
				SWIFT_VERSION = 5.0;
				TARGETED_DEVICE_FAMILY = "1,2";
				VALIDATE_PRODUCT = YES;
			};
			name = Release;
		};
		755789712657B20D00A99F0B /* Debug */ = {
			isa = XCBuildConfiguration;
			buildSettings = {
				ASSETCATALOG_COMPILER_APPICON_NAME = AppIcon;
				ASSETCATALOG_COMPILER_GLOBAL_ACCENT_COLOR_NAME = AccentColor;
				CODE_SIGN_ENTITLEMENTS = macOS/macOS.entitlements;
				CODE_SIGN_STYLE = Automatic;
				COMBINE_HIDPI_IMAGES = YES;
				DEVELOPMENT_TEAM = 28S944C5QK;
				ENABLE_HARDENED_RUNTIME = YES;
				ENABLE_PREVIEWS = YES;
				INFOPLIST_FILE = macOS/Info.plist;
				LD_RUNPATH_SEARCH_PATHS = (
					"$(inherited)",
					"@executable_path/../Frameworks",
				);
				MACOSX_DEPLOYMENT_TARGET = 11.0;
				PRODUCT_BUNDLE_IDENTIFIER = com.soka.swiftUIalternateappicon.SwiftUIAlternateAppIcon;
				PRODUCT_NAME = SwiftUIAlternateAppIcon;
				SDKROOT = macosx;
				SWIFT_VERSION = 5.0;
			};
			name = Debug;
		};
		755789722657B20D00A99F0B /* Release */ = {
			isa = XCBuildConfiguration;
			buildSettings = {
				ASSETCATALOG_COMPILER_APPICON_NAME = AppIcon;
				ASSETCATALOG_COMPILER_GLOBAL_ACCENT_COLOR_NAME = AccentColor;
				CODE_SIGN_ENTITLEMENTS = macOS/macOS.entitlements;
				CODE_SIGN_STYLE = Automatic;
				COMBINE_HIDPI_IMAGES = YES;
				DEVELOPMENT_TEAM = 28S944C5QK;
				ENABLE_HARDENED_RUNTIME = YES;
				ENABLE_PREVIEWS = YES;
				INFOPLIST_FILE = macOS/Info.plist;
				LD_RUNPATH_SEARCH_PATHS = (
					"$(inherited)",
					"@executable_path/../Frameworks",
				);
				MACOSX_DEPLOYMENT_TARGET = 11.0;
				PRODUCT_BUNDLE_IDENTIFIER = com.soka.swiftUIalternateappicon.SwiftUIAlternateAppIcon;
				PRODUCT_NAME = SwiftUIAlternateAppIcon;
				SDKROOT = macosx;
				SWIFT_VERSION = 5.0;
			};
			name = Release;
		};
/* End XCBuildConfiguration section */

/* Begin XCConfigurationList section */
		755789502657B20A00A99F0B /* Build configuration list for PBXProject "SwiftUIAlternateAppIcon" */ = {
			isa = XCConfigurationList;
			buildConfigurations = (
				7557896B2657B20D00A99F0B /* Debug */,
				7557896C2657B20D00A99F0B /* Release */,
			);
			defaultConfigurationIsVisible = 0;
			defaultConfigurationName = Release;
		};
		7557896D2657B20D00A99F0B /* Build configuration list for PBXNativeTarget "SwiftUIAlternateAppIcon (iOS)" */ = {
			isa = XCConfigurationList;
			buildConfigurations = (
				7557896E2657B20D00A99F0B /* Debug */,
				7557896F2657B20D00A99F0B /* Release */,
			);
			defaultConfigurationIsVisible = 0;
			defaultConfigurationName = Release;
		};
		755789702657B20D00A99F0B /* Build configuration list for PBXNativeTarget "SwiftUIAlternateAppIcon (macOS)" */ = {
			isa = XCConfigurationList;
			buildConfigurations = (
				755789712657B20D00A99F0B /* Debug */,
				755789722657B20D00A99F0B /* Release */,
			);
			defaultConfigurationIsVisible = 0;
			defaultConfigurationName = Release;
		};
/* End XCConfigurationList section */
	};
	rootObject = 7557894D2657B20A00A99F0B /* Project object */;
}
